
Microsoft Visual Studio Solution File, Format Version 12.00
# Visual Studio Version 17
VisualStudioVersion = 17.11.35312.102
MinimumVisualStudioVersion = 10.0.40219.1
Project("{FAE04EC0-301F-11D3-BF4B-00C04F79EFBC}") = "Patikaflix", "Patikaflix.csproj", "{9F69843B-C34D-4712-B683-50144E8F5718}"
EndProject
Global
	GlobalSection(SolutionConfigurationPlatforms) = preSolution
		Debug|Any CPU = Debug|Any CPU
		Release|Any CPU = Release|Any CPU
	EndGlobalSection
	GlobalSection(ProjectConfigurationPlatforms) = postSolution
		{9F69843B-C34D-4712-B683-50144E8F5718}.Debug|Any CPU.ActiveCfg = Debug|Any CPU
		{9F69843B-C34D-4712-B683-50144E8F5718}.Debug|Any CPU.Build.0 = Debug|Any CPU
		{9F69843B-C34D-4712-B683-50144E8F5718}.Release|Any CPU.ActiveCfg = Release|Any CPU
		{9F69843B-C34D-4712-B683-50144E8F5718}.Release|Any CPU.Build.0 = Release|Any CPU
	EndGlobalSection
	GlobalSection(SolutionProperties) = preSolution
		HideSolutionNode = FALSE
	EndGlobalSection
	GlobalSection(ExtensibilityGlobals) = postSolution
		SolutionGuid = {018C61A8-E57C-4D10-889A-6C8C491E8F78}
	EndGlobalSection
EndGlobal
